// !$*UTF8*$!
{
	archiveVersion = 1;
	classes = {
	};
	objectVersion = 55;
	objects = {

/* Begin PBXBuildFile section */
		1ED1C43828139B5100A15F4F /* ReliquumApp.swift in Sources */ = {isa = PBXBuildFile; fileRef = 1ED1C43728139B5100A15F4F /* ReliquumApp.swift */; };
		1ED1C43A28139B5100A15F4F /* ContentView.swift in Sources */ = {isa = PBXBuildFile; fileRef = 1ED1C43928139B5100A15F4F /* ContentView.swift */; };
		1ED1C43C28139B5200A15F4F /* Assets.xcassets in Resources */ = {isa = PBXBuildFile; fileRef = 1ED1C43B28139B5200A15F4F /* Assets.xcassets */; };
		1ED1C43F28139B5200A15F4F /* Preview Assets.xcassets in Resources */ = {isa = PBXBuildFile; fileRef = 1ED1C43E28139B5200A15F4F /* Preview Assets.xcassets */; };
		1ED1C44C28139BFB00A15F4F /* WidgetKit.framework in Frameworks */ = {isa = PBXBuildFile; fileRef = 1ED1C44B28139BFA00A15F4F /* WidgetKit.framework */; };
		1ED1C44E28139BFB00A15F4F /* SwiftUI.framework in Frameworks */ = {isa = PBXBuildFile; fileRef = 1ED1C44D28139BFB00A15F4F /* SwiftUI.framework */; };
		1ED1C45128139BFB00A15F4F /* ReliquumWidgets.swift in Sources */ = {isa = PBXBuildFile; fileRef = 1ED1C45028139BFB00A15F4F /* ReliquumWidgets.swift */; };
		1ED1C45428139BFB00A15F4F /* Assets.xcassets in Resources */ = {isa = PBXBuildFile; fileRef = 1ED1C45328139BFB00A15F4F /* Assets.xcassets */; };
		1ED1C45628139BFB00A15F4F /* ReliquumWidgets.intentdefinition in Sources */ = {isa = PBXBuildFile; fileRef = 1ED1C45228139BFB00A15F4F /* ReliquumWidgets.intentdefinition */; };
		1ED1C45728139BFB00A15F4F /* ReliquumWidgets.intentdefinition in Sources */ = {isa = PBXBuildFile; fileRef = 1ED1C45228139BFB00A15F4F /* ReliquumWidgets.intentdefinition */; };
		1ED1C45A28139BFB00A15F4F /* ReliquumWidgetsExtension.appex in Embed App Extensions */ = {isa = PBXBuildFile; fileRef = 1ED1C44928139BFA00A15F4F /* ReliquumWidgetsExtension.appex */; settings = {ATTRIBUTES = (RemoveHeadersOnCopy, ); }; };
		1ED1C46028139C5F00A15F4F /* Entry.swift in Sources */ = {isa = PBXBuildFile; fileRef = 1ED1C45F28139C5F00A15F4F /* Entry.swift */; };
/* End PBXBuildFile section */

/* Begin PBXContainerItemProxy section */
		1ED1C45828139BFB00A15F4F /* PBXContainerItemProxy */ = {
			isa = PBXContainerItemProxy;
			containerPortal = 1ED1C42C28139B5100A15F4F /* Project object */;
			proxyType = 1;
			remoteGlobalIDString = 1ED1C44828139BFA00A15F4F;
			remoteInfo = ReliquumWidgetsExtension;
		};
/* End PBXContainerItemProxy section */

/* Begin PBXCopyFilesBuildPhase section */
		1ED1C45E28139BFB00A15F4F /* Embed App Extensions */ = {
			isa = PBXCopyFilesBuildPhase;
			buildActionMask = 2147483647;
			dstPath = "";
			dstSubfolderSpec = 13;
			files = (
				1ED1C45A28139BFB00A15F4F /* ReliquumWidgetsExtension.appex in Embed App Extensions */,
			);
			name = "Embed App Extensions";
			runOnlyForDeploymentPostprocessing = 0;
		};
/* End PBXCopyFilesBuildPhase section */

/* Begin PBXFileReference section */
		1ED1C43428139B5100A15F4F /* Reliquum.app */ = {isa = PBXFileReference; explicitFileType = wrapper.application; includeInIndex = 0; path = Reliquum.app; sourceTree = BUILT_PRODUCTS_DIR; };
		1ED1C43728139B5100A15F4F /* ReliquumApp.swift */ = {isa = PBXFileReference; lastKnownFileType = sourcecode.swift; path = ReliquumApp.swift; sourceTree = "<group>"; };
		1ED1C43928139B5100A15F4F /* ContentView.swift */ = {isa = PBXFileReference; lastKnownFileType = sourcecode.swift; path = ContentView.swift; sourceTree = "<group>"; };
		1ED1C43B28139B5200A15F4F /* Assets.xcassets */ = {isa = PBXFileReference; lastKnownFileType = folder.assetcatalog; path = Assets.xcassets; sourceTree = "<group>"; };
		1ED1C43E28139B5200A15F4F /* Preview Assets.xcassets */ = {isa = PBXFileReference; lastKnownFileType = folder.assetcatalog; path = "Preview Assets.xcassets"; sourceTree = "<group>"; };
		1ED1C44928139BFA00A15F4F /* ReliquumWidgetsExtension.appex */ = {isa = PBXFileReference; explicitFileType = "wrapper.app-extension"; includeInIndex = 0; path = ReliquumWidgetsExtension.appex; sourceTree = BUILT_PRODUCTS_DIR; };
		1ED1C44B28139BFA00A15F4F /* WidgetKit.framework */ = {isa = PBXFileReference; lastKnownFileType = wrapper.framework; name = WidgetKit.framework; path = System/Library/Frameworks/WidgetKit.framework; sourceTree = SDKROOT; };
		1ED1C44D28139BFB00A15F4F /* SwiftUI.framework */ = {isa = PBXFileReference; lastKnownFileType = wrapper.framework; name = SwiftUI.framework; path = System/Library/Frameworks/SwiftUI.framework; sourceTree = SDKROOT; };
		1ED1C45028139BFB00A15F4F /* ReliquumWidgets.swift */ = {isa = PBXFileReference; lastKnownFileType = sourcecode.swift; path = ReliquumWidgets.swift; sourceTree = "<group>"; };
		1ED1C45228139BFB00A15F4F /* ReliquumWidgets.intentdefinition */ = {isa = PBXFileReference; lastKnownFileType = file.intentdefinition; path = ReliquumWidgets.intentdefinition; sourceTree = "<group>"; };
		1ED1C45328139BFB00A15F4F /* Assets.xcassets */ = {isa = PBXFileReference; lastKnownFileType = folder.assetcatalog; path = Assets.xcassets; sourceTree = "<group>"; };
		1ED1C45528139BFB00A15F4F /* Info.plist */ = {isa = PBXFileReference; lastKnownFileType = text.plist.xml; path = Info.plist; sourceTree = "<group>"; };
		1ED1C45F28139C5F00A15F4F /* Entry.swift */ = {isa = PBXFileReference; lastKnownFileType = sourcecode.swift; path = Entry.swift; sourceTree = "<group>"; };
/* End PBXFileReference section */

/* Begin PBXFrameworksBuildPhase section */
		1ED1C43128139B5100A15F4F /* Frameworks */ = {
			isa = PBXFrameworksBuildPhase;
			buildActionMask = 2147483647;
			files = (
			);
			runOnlyForDeploymentPostprocessing = 0;
		};
		1ED1C44628139BFA00A15F4F /* Frameworks */ = {
			isa = PBXFrameworksBuildPhase;
			buildActionMask = 2147483647;
			files = (
				1ED1C44E28139BFB00A15F4F /* SwiftUI.framework in Frameworks */,
				1ED1C44C28139BFB00A15F4F /* WidgetKit.framework in Frameworks */,
			);
			runOnlyForDeploymentPostprocessing = 0;
		};
/* End PBXFrameworksBuildPhase section */

/* Begin PBXGroup section */
		1ED1C42B28139B5100A15F4F = {
			isa = PBXGroup;
			children = (
				1ED1C43628139B5100A15F4F /* Reliquum */,
				1ED1C44F28139BFB00A15F4F /* ReliquumWidgets */,
				1ED1C44A28139BFA00A15F4F /* Frameworks */,
				1ED1C43528139B5100A15F4F /* Products */,
			);
			sourceTree = "<group>";
		};
		1ED1C43528139B5100A15F4F /* Products */ = {
			isa = PBXGroup;
			children = (
				1ED1C43428139B5100A15F4F /* Reliquum.app */,
				1ED1C44928139BFA00A15F4F /* ReliquumWidgetsExtension.appex */,
			);
			name = Products;
			sourceTree = "<group>";
		};
		1ED1C43628139B5100A15F4F /* Reliquum */ = {
			isa = PBXGroup;
			children = (
				1ED1C43728139B5100A15F4F /* ReliquumApp.swift */,
				1ED1C43928139B5100A15F4F /* ContentView.swift */,
				1ED1C45F28139C5F00A15F4F /* Entry.swift */,
				1ED1C43B28139B5200A15F4F /* Assets.xcassets */,
				1ED1C43D28139B5200A15F4F /* Preview Content */,
			);
			path = Reliquum;
			sourceTree = "<group>";
		};
		1ED1C43D28139B5200A15F4F /* Preview Content */ = {
			isa = PBXGroup;
			children = (
				1ED1C43E28139B5200A15F4F /* Preview Assets.xcassets */,
			);
			path = "Preview Content";
			sourceTree = "<group>";
		};
		1ED1C44A28139BFA00A15F4F /* Frameworks */ = {
			isa = PBXGroup;
			children = (
				1ED1C44B28139BFA00A15F4F /* WidgetKit.framework */,
				1ED1C44D28139BFB00A15F4F /* SwiftUI.framework */,
			);
			name = Frameworks;
			sourceTree = "<group>";
		};
		1ED1C44F28139BFB00A15F4F /* ReliquumWidgets */ = {
			isa = PBXGroup;
			children = (
				1ED1C45028139BFB00A15F4F /* ReliquumWidgets.swift */,
				1ED1C45228139BFB00A15F4F /* ReliquumWidgets.intentdefinition */,
				1ED1C45328139BFB00A15F4F /* Assets.xcassets */,
				1ED1C45528139BFB00A15F4F /* Info.plist */,
			);
			path = ReliquumWidgets;
			sourceTree = "<group>";
		};
/* End PBXGroup section */

/* Begin PBXNativeTarget section */
		1ED1C43328139B5100A15F4F /* Reliquum */ = {
			isa = PBXNativeTarget;
			buildConfigurationList = 1ED1C44228139B5200A15F4F /* Build configuration list for PBXNativeTarget "Reliquum" */;
			buildPhases = (
				1ED1C43028139B5100A15F4F /* Sources */,
				1ED1C43128139B5100A15F4F /* Frameworks */,
				1ED1C43228139B5100A15F4F /* Resources */,
				1ED1C45E28139BFB00A15F4F /* Embed App Extensions */,
			);
			buildRules = (
			);
			dependencies = (
				1ED1C45928139BFB00A15F4F /* PBXTargetDependency */,
			);
			name = Reliquum;
			productName = Reliquum;
			productReference = 1ED1C43428139B5100A15F4F /* Reliquum.app */;
			productType = "com.apple.product-type.application";
		};
		1ED1C44828139BFA00A15F4F /* ReliquumWidgetsExtension */ = {
			isa = PBXNativeTarget;
			buildConfigurationList = 1ED1C45B28139BFB00A15F4F /* Build configuration list for PBXNativeTarget "ReliquumWidgetsExtension" */;
			buildPhases = (
				1ED1C44528139BFA00A15F4F /* Sources */,
				1ED1C44628139BFA00A15F4F /* Frameworks */,
				1ED1C44728139BFA00A15F4F /* Resources */,
			);
			buildRules = (
			);
			dependencies = (
			);
			name = ReliquumWidgetsExtension;
			productName = ReliquumWidgetsExtension;
			productReference = 1ED1C44928139BFA00A15F4F /* ReliquumWidgetsExtension.appex */;
			productType = "com.apple.product-type.app-extension";
		};
/* End PBXNativeTarget section */

/* Begin PBXProject section */
		1ED1C42C28139B5100A15F4F /* Project object */ = {
			isa = PBXProject;
			attributes = {
				BuildIndependentTargetsInParallel = 1;
				LastSwiftUpdateCheck = 1330;
				LastUpgradeCheck = 1330;
				TargetAttributes = {
					1ED1C43328139B5100A15F4F = {
						CreatedOnToolsVersion = 13.3.1;
					};
					1ED1C44828139BFA00A15F4F = {
						CreatedOnToolsVersion = 13.3.1;
					};
				};
			};
			buildConfigurationList = 1ED1C42F28139B5100A15F4F /* Build configuration list for PBXProject "Reliquum" */;
			compatibilityVersion = "Xcode 13.0";
			developmentRegion = en;
			hasScannedForEncodings = 0;
			knownRegions = (
				en,
				Base,
			);
			mainGroup = 1ED1C42B28139B5100A15F4F;
			productRefGroup = 1ED1C43528139B5100A15F4F /* Products */;
			projectDirPath = "";
			projectRoot = "";
			targets = (
				1ED1C43328139B5100A15F4F /* Reliquum */,
				1ED1C44828139BFA00A15F4F /* ReliquumWidgetsExtension */,
			);
		};
/* End PBXProject section */

/* Begin PBXResourcesBuildPhase section */
		1ED1C43228139B5100A15F4F /* Resources */ = {
			isa = PBXResourcesBuildPhase;
			buildActionMask = 2147483647;
			files = (
				1ED1C43F28139B5200A15F4F /* Preview Assets.xcassets in Resources */,
				1ED1C43C28139B5200A15F4F /* Assets.xcassets in Resources */,
			);
			runOnlyForDeploymentPostprocessing = 0;
		};
		1ED1C44728139BFA00A15F4F /* Resources */ = {
			isa = PBXResourcesBuildPhase;
			buildActionMask = 2147483647;
			files = (
				1ED1C45428139BFB00A15F4F /* Assets.xcassets in Resources */,
			);
			runOnlyForDeploymentPostprocessing = 0;
		};
/* End PBXResourcesBuildPhase section */

/* Begin PBXSourcesBuildPhase section */
		1ED1C43028139B5100A15F4F /* Sources */ = {
			isa = PBXSourcesBuildPhase;
			buildActionMask = 2147483647;
			files = (
				1ED1C46028139C5F00A15F4F /* Entry.swift in Sources */,
				1ED1C43A28139B5100A15F4F /* ContentView.swift in Sources */,
				1ED1C45728139BFB00A15F4F /* ReliquumWidgets.intentdefinition in Sources */,
				1ED1C43828139B5100A15F4F /* ReliquumApp.swift in Sources */,
			);
			runOnlyForDeploymentPostprocessing = 0;
		};
		1ED1C44528139BFA00A15F4F /* Sources */ = {
			isa = PBXSourcesBuildPhase;
			buildActionMask = 2147483647;
			files = (
				1ED1C45628139BFB00A15F4F /* ReliquumWidgets.intentdefinition in Sources */,
				1ED1C45128139BFB00A15F4F /* ReliquumWidgets.swift in Sources */,
			);
			runOnlyForDeploymentPostprocessing = 0;
		};
/* End PBXSourcesBuildPhase section */

/* Begin PBXTargetDependency section */
		1ED1C45928139BFB00A15F4F /* PBXTargetDependency */ = {
			isa = PBXTargetDependency;
			target = 1ED1C44828139BFA00A15F4F /* ReliquumWidgetsExtension */;
			targetProxy = 1ED1C45828139BFB00A15F4F /* PBXContainerItemProxy */;
		};
/* End PBXTargetDependency section */

/* Begin XCBuildConfiguration section */
		1ED1C44028139B5200A15F4F /* Debug */ = {
			isa = XCBuildConfiguration;
			buildSettings = {
				ALWAYS_SEARCH_USER_PATHS = NO;
				CLANG_ANALYZER_NONNULL = YES;
				CLANG_ANALYZER_NUMBER_OBJECT_CONVERSION = YES_AGGRESSIVE;
				CLANG_CXX_LANGUAGE_STANDARD = "gnu++17";
				CLANG_ENABLE_MODULES = YES;
				CLANG_ENABLE_OBJC_ARC = YES;
				CLANG_ENABLE_OBJC_WEAK = YES;
				CLANG_WARN_BLOCK_CAPTURE_AUTORELEASING = YES;
				CLANG_WARN_BOOL_CONVERSION = YES;
				CLANG_WARN_COMMA = YES;
				CLANG_WARN_CONSTANT_CONVERSION = YES;
				CLANG_WARN_DEPRECATED_OBJC_IMPLEMENTATIONS = YES;
				CLANG_WARN_DIRECT_OBJC_ISA_USAGE = YES_ERROR;
				CLANG_WARN_DOCUMENTATION_COMMENTS = YES;
				CLANG_WARN_EMPTY_BODY = YES;
				CLANG_WARN_ENUM_CONVERSION = YES;
				CLANG_WARN_INFINITE_RECURSION = YES;
				CLANG_WARN_INT_CONVERSION = YES;
				CLANG_WARN_NON_LITERAL_NULL_CONVERSION = YES;
				CLANG_WARN_OBJC_IMPLICIT_RETAIN_SELF = YES;
				CLANG_WARN_OBJC_LITERAL_CONVERSION = YES;
				CLANG_WARN_OBJC_ROOT_CLASS = YES_ERROR;
				CLANG_WARN_QUOTED_INCLUDE_IN_FRAMEWORK_HEADER = YES;
				CLANG_WARN_RANGE_LOOP_ANALYSIS = YES;
				CLANG_WARN_STRICT_PROTOTYPES = YES;
				CLANG_WARN_SUSPICIOUS_MOVE = YES;
				CLANG_WARN_UNGUARDED_AVAILABILITY = YES_AGGRESSIVE;
				CLANG_WARN_UNREACHABLE_CODE = YES;
				CLANG_WARN__DUPLICATE_METHOD_MATCH = YES;
				COPY_PHASE_STRIP = NO;
				DEBUG_INFORMATION_FORMAT = dwarf;
				ENABLE_STRICT_OBJC_MSGSEND = YES;
				ENABLE_TESTABILITY = YES;
				GCC_C_LANGUAGE_STANDARD = gnu11;
				GCC_DYNAMIC_NO_PIC = NO;
				GCC_NO_COMMON_BLOCKS = YES;
				GCC_OPTIMIZATION_LEVEL = 0;
				GCC_PREPROCESSOR_DEFINITIONS = (
					"DEBUG=1",
					"$(inherited)",
				);
				GCC_WARN_64_TO_32_BIT_CONVERSION = YES;
				GCC_WARN_ABOUT_RETURN_TYPE = YES_ERROR;
				GCC_WARN_UNDECLARED_SELECTOR = YES;
				GCC_WARN_UNINITIALIZED_AUTOS = YES_AGGRESSIVE;
				GCC_WARN_UNUSED_FUNCTION = YES;
				GCC_WARN_UNUSED_VARIABLE = YES;
				IPHONEOS_DEPLOYMENT_TARGET = 15.4;
				MTL_ENABLE_DEBUG_INFO = INCLUDE_SOURCE;
				MTL_FAST_MATH = YES;
				ONLY_ACTIVE_ARCH = YES;
				SDKROOT = iphoneos;
				SWIFT_ACTIVE_COMPILATION_CONDITIONS = DEBUG;
				SWIFT_OPTIMIZATION_LEVEL = "-Onone";
			};
			name = Debug;
		};
		1ED1C44128139B5200A15F4F /* Release */ = {
			isa = XCBuildConfiguration;
			buildSettings = {
				ALWAYS_SEARCH_USER_PATHS = NO;
				CLANG_ANALYZER_NONNULL = YES;
				CLANG_ANALYZER_NUMBER_OBJECT_CONVERSION = YES_AGGRESSIVE;
				CLANG_CXX_LANGUAGE_STANDARD = "gnu++17";
				CLANG_ENABLE_MODULES = YES;
				CLANG_ENABLE_OBJC_ARC = YES;
				CLANG_ENABLE_OBJC_WEAK = YES;
				CLANG_WARN_BLOCK_CAPTURE_AUTORELEASING = YES;
				CLANG_WARN_BOOL_CONVERSION = YES;
				CLANG_WARN_COMMA = YES;
				CLANG_WARN_CONSTANT_CONVERSION = YES;
				CLANG_WARN_DEPRECATED_OBJC_IMPLEMENTATIONS = YES;
				CLANG_WARN_DIRECT_OBJC_ISA_USAGE = YES_ERROR;
				CLANG_WARN_DOCUMENTATION_COMMENTS = YES;
				CLANG_WARN_EMPTY_BODY = YES;
				CLANG_WARN_ENUM_CONVERSION = YES;
				CLANG_WARN_INFINITE_RECURSION = YES;
				CLANG_WARN_INT_CONVERSION = YES;
				CLANG_WARN_NON_LITERAL_NULL_CONVERSION = YES;
				CLANG_WARN_OBJC_IMPLICIT_RETAIN_SELF = YES;
				CLANG_WARN_OBJC_LITERAL_CONVERSION = YES;
				CLANG_WARN_OBJC_ROOT_CLASS = YES_ERROR;
				CLANG_WARN_QUOTED_INCLUDE_IN_FRAMEWORK_HEADER = YES;
				CLANG_WARN_RANGE_LOOP_ANALYSIS = YES;
				CLANG_WARN_STRICT_PROTOTYPES = YES;
				CLANG_WARN_SUSPICIOUS_MOVE = YES;
				CLANG_WARN_UNGUARDED_AVAILABILITY = YES_AGGRESSIVE;
				CLANG_WARN_UNREACHABLE_CODE = YES;
				CLANG_WARN__DUPLICATE_METHOD_MATCH = YES;
				COPY_PHASE_STRIP = NO;
				DEBUG_INFORMATION_FORMAT = "dwarf-with-dsym";
				ENABLE_NS_ASSERTIONS = NO;
				ENABLE_STRICT_OBJC_MSGSEND = YES;
				GCC_C_LANGUAGE_STANDARD = gnu11;
				GCC_NO_COMMON_BLOCKS = YES;
				GCC_WARN_64_TO_32_BIT_CONVERSION = YES;
				GCC_WARN_ABOUT_RETURN_TYPE = YES_ERROR;
				GCC_WARN_UNDECLARED_SELECTOR = YES;
				GCC_WARN_UNINITIALIZED_AUTOS = YES_AGGRESSIVE;
				GCC_WARN_UNUSED_FUNCTION = YES;
				GCC_WARN_UNUSED_VARIABLE = YES;
				IPHONEOS_DEPLOYMENT_TARGET = 15.4;
				MTL_ENABLE_DEBUG_INFO = NO;
				MTL_FAST_MATH = YES;
				SDKROOT = iphoneos;
				SWIFT_COMPILATION_MODE = wholemodule;
				SWIFT_OPTIMIZATION_LEVEL = "-O";
				VALIDATE_PRODUCT = YES;
			};
			name = Release;
		};
		1ED1C44328139B5200A15F4F /* Debug */ = {
			isa = XCBuildConfiguration;
			buildSettings = {
				ALWAYS_EMBED_SWIFT_STANDARD_LIBRARIES = YES;
				ASSETCATALOG_COMPILER_APPICON_NAME = AppIcon;
				ASSETCATALOG_COMPILER_GLOBAL_ACCENT_COLOR_NAME = AccentColor;
				CODE_SIGN_STYLE = Automatic;
				CURRENT_PROJECT_VERSION = 1;
				DEVELOPMENT_ASSET_PATHS = "\"Reliquum/Preview Content\"";
				DEVELOPMENT_TEAM = XW3YJZ5VVY;
				ENABLE_PREVIEWS = YES;
				GENERATE_INFOPLIST_FILE = YES;
				INFOPLIST_KEY_UIApplicationSceneManifest_Generation = YES;
				INFOPLIST_KEY_UIApplicationSupportsIndirectInputEvents = YES;
				INFOPLIST_KEY_UILaunchScreen_Generation = YES;
				INFOPLIST_KEY_UISupportedInterfaceOrientations_iPad = "UIInterfaceOrientationPortrait UIInterfaceOrientationPortraitUpsideDown UIInterfaceOrientationLandscapeLeft UIInterfaceOrientationLandscapeRight";
				INFOPLIST_KEY_UISupportedInterfaceOrientations_iPhone = "UIInterfaceOrientationPortrait UIInterfaceOrientationLandscapeLeft UIInterfaceOrientationLandscapeRight";
				LD_RUNPATH_SEARCH_PATHS = (
					"$(inherited)",
					"@executable_path/Frameworks",
				);
				MARKETING_VERSION = 1.0;
				PRODUCT_BUNDLE_IDENTIFIER = com.themrhinos.Reliquum;
				PRODUCT_NAME = "$(TARGET_NAME)";
				SWIFT_EMIT_LOC_STRINGS = YES;
				SWIFT_VERSION = 5.0;
				TARGETED_DEVICE_FAMILY = "1,2";
			};
			name = Debug;
		};
		1ED1C44428139B5200A15F4F /* Release */ = {
			isa = XCBuildConfiguration;
			buildSettings = {
				ALWAYS_EMBED_SWIFT_STANDARD_LIBRARIES = YES;
				ASSETCATALOG_COMPILER_APPICON_NAME = AppIcon;
				ASSETCATALOG_COMPILER_GLOBAL_ACCENT_COLOR_NAME = AccentColor;
				CODE_SIGN_STYLE = Automatic;
				CURRENT_PROJECT_VERSION = 1;
				DEVELOPMENT_ASSET_PATHS = "\"Reliquum/Preview Content\"";
				DEVELOPMENT_TEAM = XW3YJZ5VVY;
				ENABLE_PREVIEWS = YES;
				GENERATE_INFOPLIST_FILE = YES;
				INFOPLIST_KEY_UIApplicationSceneManifest_Generation = YES;
				INFOPLIST_KEY_UIApplicationSupportsIndirectInputEvents = YES;
				INFOPLIST_KEY_UILaunchScreen_Generation = YES;
				INFOPLIST_KEY_UISupportedInterfaceOrientations_iPad = "UIInterfaceOrientationPortrait UIInterfaceOrientationPortraitUpsideDown UIInterfaceOrientationLandscapeLeft UIInterfaceOrientationLandscapeRight";
				INFOPLIST_KEY_UISupportedInterfaceOrientations_iPhone = "UIInterfaceOrientationPortrait UIInterfaceOrientationLandscapeLeft UIInterfaceOrientationLandscapeRight";
				LD_RUNPATH_SEARCH_PATHS = (
					"$(inherited)",
					"@executable_path/Frameworks",
				);
				MARKETING_VERSION = 1.0;
				PRODUCT_BUNDLE_IDENTIFIER = com.themrhinos.Reliquum;
				PRODUCT_NAME = "$(TARGET_NAME)";
				SWIFT_EMIT_LOC_STRINGS = YES;
				SWIFT_VERSION = 5.0;
				TARGETED_DEVICE_FAMILY = "1,2";
			};
			name = Release;
		};
		1ED1C45C28139BFB00A15F4F /* Debug */ = {
			isa = XCBuildConfiguration;
			buildSettings = {
				ASSETCATALOG_COMPILER_GLOBAL_ACCENT_COLOR_NAME = AccentColor;
				ASSETCATALOG_COMPILER_WIDGET_BACKGROUND_COLOR_NAME = WidgetBackground;
				CODE_SIGN_STYLE = Automatic;
				CURRENT_PROJECT_VERSION = 1;
				DEVELOPMENT_TEAM = XW3YJZ5VVY;
				GENERATE_INFOPLIST_FILE = YES;
				INFOPLIST_FILE = ReliquumWidgets/Info.plist;
				INFOPLIST_KEY_CFBundleDisplayName = ReliquumWidgets;
				INFOPLIST_KEY_NSHumanReadableCopyright = "";
				LD_RUNPATH_SEARCH_PATHS = (
					"$(inherited)",
					"@executable_path/Frameworks",
					"@executable_path/../../Frameworks",
				);
				MARKETING_VERSION = 1.0;
				PRODUCT_BUNDLE_IDENTIFIER = com.themrhinos.Reliquum.ReliquumWidgets;
				PRODUCT_NAME = "$(TARGET_NAME)";
				SKIP_INSTALL = YES;
				SWIFT_EMIT_LOC_STRINGS = YES;
				SWIFT_VERSION = 5.0;
				TARGETED_DEVICE_FAMILY = "1,2";
			};
			name = Debug;
		};
		1ED1C45D28139BFB00A15F4F /* Release */ = {
			isa = XCBuildConfiguration;
			buildSettings = {
				ASSETCATALOG_COMPILER_GLOBAL_ACCENT_COLOR_NAME = AccentColor;
				ASSETCATALOG_COMPILER_WIDGET_BACKGROUND_COLOR_NAME = WidgetBackground;
				CODE_SIGN_STYLE = Automatic;
				CURRENT_PROJECT_VERSION = 1;
				DEVELOPMENT_TEAM = XW3YJZ5VVY;
				GENERATE_INFOPLIST_FILE = YES;
				INFOPLIST_FILE = ReliquumWidgets/Info.plist;
				INFOPLIST_KEY_CFBundleDisplayName = ReliquumWidgets;
				INFOPLIST_KEY_NSHumanReadableCopyright = "";
				LD_RUNPATH_SEARCH_PATHS = (
					"$(inherited)",
					"@executable_path/Frameworks",
					"@executable_path/../../Frameworks",
				);
				MARKETING_VERSION = 1.0;
				PRODUCT_BUNDLE_IDENTIFIER = com.themrhinos.Reliquum.ReliquumWidgets;
				PRODUCT_NAME = "$(TARGET_NAME)";
				SKIP_INSTALL = YES;
				SWIFT_EMIT_LOC_STRINGS = YES;
				SWIFT_VERSION = 5.0;
				TARGETED_DEVICE_FAMILY = "1,2";
			};
			name = Release;
		};
/* End XCBuildConfiguration section */

/* Begin XCConfigurationList section */
		1ED1C42F28139B5100A15F4F /* Build configuration list for PBXProject "Reliquum" */ = {
			isa = XCConfigurationList;
			buildConfigurations = (
				1ED1C44028139B5200A15F4F /* Debug */,
				1ED1C44128139B5200A15F4F /* Release */,
			);
			defaultConfigurationIsVisible = 0;
			defaultConfigurationName = Release;
		};
		1ED1C44228139B5200A15F4F /* Build configuration list for PBXNativeTarget "Reliquum" */ = {
			isa = XCConfigurationList;
			buildConfigurations = (
				1ED1C44328139B5200A15F4F /* Debug */,
				1ED1C44428139B5200A15F4F /* Release */,
			);
			defaultConfigurationIsVisible = 0;
			defaultConfigurationName = Release;
		};
		1ED1C45B28139BFB00A15F4F /* Build configuration list for PBXNativeTarget "ReliquumWidgetsExtension" */ = {
			isa = XCConfigurationList;
			buildConfigurations = (
				1ED1C45C28139BFB00A15F4F /* Debug */,
				1ED1C45D28139BFB00A15F4F /* Release */,
			);
			defaultConfigurationIsVisible = 0;
			defaultConfigurationName = Release;
		};
/* End XCConfigurationList section */
	};
	rootObject = 1ED1C42C28139B5100A15F4F /* Project object */;
}
